<Solution>
  <Folder Name="/src/">
    <Project Path="src/ECommerce.API/ECommerce.API.csproj" />
    <Project Path="src/ECommerce.Application/ECommerce.Application.csproj" />
    <Project Path="src/ECommerce.Infrastructure/ECommerce.Infrastructure.csproj" />
    <Project Path="src/ECommerece.Domain/ECommerece.Domain.csproj" />
  </Folder>
  <Folder Name="/tests/">
    <Project Path="tests/ECommerce.Tests/ECommerce.Tests.csproj" />
  </Folder>
</Solution>
